
Microsoft Visual Studio Solution File, Format Version 12.00
# Visual Studio Version 17
VisualStudioVersion = 17.2.32519.379
MinimumVisualStudioVersion = 10.0.40219.1
Project("{2150E333-8FDC-42A3-9474-1A3956D46DE8}") = "Tests", "Tests", "{4260E770-9899-4EFD-9BDE-DF4018A65EF2}"
EndProject
Project("{9A19103F-16F7-4668-BE54-9A1E7A4F7556}") = "Ipc.Grpc.NamedPipes.Tests", "Tests\Ipc.Grpc.NamedPipes.Tests\Ipc.Grpc.NamedPipes.Tests.csproj", "{4B3C631C-58CE-41E4-890F-67889072868B}"
EndProject
Project("{2150E333-8FDC-42A3-9474-1A3956D46DE8}") = "ContractFirst.Grpc.core", "ContractFirst.Grpc.core", "{0AC631BC-2C45-45BD-950C-2A0C89ED0541}"
EndProject
Project("{2150E333-8FDC-42A3-9474-1A3956D46DE8}") = "CodeFirst.Protobuf-net.Grpc", "CodeFirst.Protobuf-net.Grpc", "{FD52CF98-B433-435A-8031-483CD0BAE199}"
EndProject
Project("{9A19103F-16F7-4668-BE54-9A1E7A4F7556}") = "Ipc.Grpc.NamedPipes.Tests.Server", "Tests\Ipc.Grpc.NamedPipes.Tests.Server\Ipc.Grpc.NamedPipes.Tests.Server.csproj", "{73B6D117-9B63-4C78-8CC9-F9356AFA3E72}"
EndProject
Project("{9A19103F-16F7-4668-BE54-9A1E7A4F7556}") = "Ipc.Grpc.NamedPipes.Tests.Client", "Tests\Ipc.Grpc.NamedPipes.Tests.Client\Ipc.Grpc.NamedPipes.Tests.Client.csproj", "{F4CB8515-3A47-48E0-A3F0-7882014215CC}"
EndProject
Project("{2150E333-8FDC-42A3-9474-1A3956D46DE8}") = "IpcTests", "IpcTests", "{02591100-4D84-4950-A0DE-41782F1A437D}"
EndProject
Project("{2150E333-8FDC-42A3-9474-1A3956D46DE8}") = "Benchmarcks", "Benchmarcks", "{62F96A29-D725-42BD-AC1E-25BD18A577AF}"
EndProject
Project("{9A19103F-16F7-4668-BE54-9A1E7A4F7556}") = "Ipc.Grpc.NamedPipes", "Ipc.Grpc.NamedPipes\Ipc.Grpc.NamedPipes.csproj", "{C9804658-A02C-4135-8AD0-A832675C312F}"
EndProject
Project("{9A19103F-16F7-4668-BE54-9A1E7A4F7556}") = "Ipc.Grpc.NamedPipes.Benchmarks", "Benchmarks\Ipc.Grpc.NamedPipes.Benchmarks\Ipc.Grpc.NamedPipes.Benchmarks.csproj", "{66E3462E-FE7D-4A1B-9E37-68E1DEDA861C}"
EndProject
Project("{9A19103F-16F7-4668-BE54-9A1E7A4F7556}") = "Ipc.Grpc.NamedPipes.Tests.ProtoContract", "Tests\Ipc.Grpc.NamedPipes.Tests.ProtoContract\Ipc.Grpc.NamedPipes.Tests.ProtoContract.csproj", "{A136CFBF-4154-4319-9D13-75097B144E4F}"
EndProject
Project("{9A19103F-16F7-4668-BE54-9A1E7A4F7556}") = "Ipc.Grpc.NamedPipes.VsUnixDomainSocket.Tests", "Tests\Ipc.Grpc.NamedPipes.VsUnixDomainSocket.Tests\Ipc.Grpc.NamedPipes.VsUnixDomainSocket.Tests.csproj", "{5AA17A9A-BD32-4CFF-B371-503DD8D8EB87}"
EndProject
Global
	GlobalSection(SolutionConfigurationPlatforms) = preSolution
		Debug|Any CPU = Debug|Any CPU
		Release|Any CPU = Release|Any CPU
	EndGlobalSection
	GlobalSection(ProjectConfigurationPlatforms) = postSolution
		{4B3C631C-58CE-41E4-890F-67889072868B}.Debug|Any CPU.ActiveCfg = Debug|Any CPU
		{4B3C631C-58CE-41E4-890F-67889072868B}.Debug|Any CPU.Build.0 = Debug|Any CPU
		{4B3C631C-58CE-41E4-890F-67889072868B}.Release|Any CPU.ActiveCfg = Release|Any CPU
		{4B3C631C-58CE-41E4-890F-67889072868B}.Release|Any CPU.Build.0 = Release|Any CPU
		{73B6D117-9B63-4C78-8CC9-F9356AFA3E72}.Debug|Any CPU.ActiveCfg = Debug|Any CPU
		{73B6D117-9B63-4C78-8CC9-F9356AFA3E72}.Debug|Any CPU.Build.0 = Debug|Any CPU
		{73B6D117-9B63-4C78-8CC9-F9356AFA3E72}.Release|Any CPU.ActiveCfg = Release|Any CPU
		{73B6D117-9B63-4C78-8CC9-F9356AFA3E72}.Release|Any CPU.Build.0 = Release|Any CPU
		{F4CB8515-3A47-48E0-A3F0-7882014215CC}.Debug|Any CPU.ActiveCfg = Debug|Any CPU
		{F4CB8515-3A47-48E0-A3F0-7882014215CC}.Debug|Any CPU.Build.0 = Debug|Any CPU
		{F4CB8515-3A47-48E0-A3F0-7882014215CC}.Release|Any CPU.ActiveCfg = Release|Any CPU
		{F4CB8515-3A47-48E0-A3F0-7882014215CC}.Release|Any CPU.Build.0 = Release|Any CPU
		{C9804658-A02C-4135-8AD0-A832675C312F}.Debug|Any CPU.ActiveCfg = Debug|Any CPU
		{C9804658-A02C-4135-8AD0-A832675C312F}.Debug|Any CPU.Build.0 = Debug|Any CPU
		{C9804658-A02C-4135-8AD0-A832675C312F}.Release|Any CPU.ActiveCfg = Release|Any CPU
		{C9804658-A02C-4135-8AD0-A832675C312F}.Release|Any CPU.Build.0 = Release|Any CPU
		{66E3462E-FE7D-4A1B-9E37-68E1DEDA861C}.Debug|Any CPU.ActiveCfg = Debug|Any CPU
		{66E3462E-FE7D-4A1B-9E37-68E1DEDA861C}.Debug|Any CPU.Build.0 = Debug|Any CPU
		{66E3462E-FE7D-4A1B-9E37-68E1DEDA861C}.Release|Any CPU.ActiveCfg = Release|Any CPU
		{66E3462E-FE7D-4A1B-9E37-68E1DEDA861C}.Release|Any CPU.Build.0 = Release|Any CPU
		{A136CFBF-4154-4319-9D13-75097B144E4F}.Debug|Any CPU.ActiveCfg = Debug|Any CPU
		{A136CFBF-4154-4319-9D13-75097B144E4F}.Debug|Any CPU.Build.0 = Debug|Any CPU
		{A136CFBF-4154-4319-9D13-75097B144E4F}.Release|Any CPU.ActiveCfg = Release|Any CPU
		{A136CFBF-4154-4319-9D13-75097B144E4F}.Release|Any CPU.Build.0 = Release|Any CPU
		{5AA17A9A-BD32-4CFF-B371-503DD8D8EB87}.Debug|Any CPU.ActiveCfg = Debug|Any CPU
		{5AA17A9A-BD32-4CFF-B371-503DD8D8EB87}.Debug|Any CPU.Build.0 = Debug|Any CPU
		{5AA17A9A-BD32-4CFF-B371-503DD8D8EB87}.Release|Any CPU.ActiveCfg = Release|Any CPU
		{5AA17A9A-BD32-4CFF-B371-503DD8D8EB87}.Release|Any CPU.Build.0 = Release|Any CPU
	EndGlobalSection
	GlobalSection(SolutionProperties) = preSolution
		HideSolutionNode = FALSE
	EndGlobalSection
	GlobalSection(NestedProjects) = preSolution
		{4B3C631C-58CE-41E4-890F-67889072868B} = {0AC631BC-2C45-45BD-950C-2A0C89ED0541}
		{0AC631BC-2C45-45BD-950C-2A0C89ED0541} = {4260E770-9899-4EFD-9BDE-DF4018A65EF2}
		{FD52CF98-B433-435A-8031-483CD0BAE199} = {4260E770-9899-4EFD-9BDE-DF4018A65EF2}
		{73B6D117-9B63-4C78-8CC9-F9356AFA3E72} = {02591100-4D84-4950-A0DE-41782F1A437D}
		{F4CB8515-3A47-48E0-A3F0-7882014215CC} = {02591100-4D84-4950-A0DE-41782F1A437D}
		{02591100-4D84-4950-A0DE-41782F1A437D} = {0AC631BC-2C45-45BD-950C-2A0C89ED0541}
		{66E3462E-FE7D-4A1B-9E37-68E1DEDA861C} = {62F96A29-D725-42BD-AC1E-25BD18A577AF}
		{A136CFBF-4154-4319-9D13-75097B144E4F} = {0AC631BC-2C45-45BD-950C-2A0C89ED0541}
		{5AA17A9A-BD32-4CFF-B371-503DD8D8EB87} = {0AC631BC-2C45-45BD-950C-2A0C89ED0541}
	EndGlobalSection
	GlobalSection(ExtensibilityGlobals) = postSolution
		SolutionGuid = {3A45AE3B-232C-470F-92B0-52AA4E901903}
	EndGlobalSection
EndGlobal
