
Microsoft Visual Studio Solution File, Format Version 12.00
# Visual Studio Version 17
VisualStudioVersion = 17.2.32519.379
MinimumVisualStudioVersion = 10.0.40219.1
Project("{2150E333-8FDC-42A3-9474-1A3956D46DE8}") = "Tests", "Tests", "{4260E770-9899-4EFD-9BDE-DF4018A65EF2}"
EndProject
Project("{2150E333-8FDC-42A3-9474-1A3956D46DE8}") = "ContractFirst.Grpc.core", "ContractFirst.Grpc.core", "{0AC631BC-2C45-45BD-950C-2A0C89ED0541}"
EndProject
Project("{2150E333-8FDC-42A3-9474-1A3956D46DE8}") = "CodeFirst.Protobuf-net.Grpc", "CodeFirst.Protobuf-net.Grpc", "{FD52CF98-B433-435A-8031-483CD0BAE199}"
EndProject
Project("{2150E333-8FDC-42A3-9474-1A3956D46DE8}") = "Sut", "Sut", "{02591100-4D84-4950-A0DE-41782F1A437D}"
EndProject
Project("{2150E333-8FDC-42A3-9474-1A3956D46DE8}") = "Benchmarcks", "Benchmarcks", "{62F96A29-D725-42BD-AC1E-25BD18A577AF}"
EndProject
Project("{9A19103F-16F7-4668-BE54-9A1E7A4F7556}") = "Ipc.Grpc.NamedPipes", "Ipc.Grpc.NamedPipes\Ipc.Grpc.NamedPipes.csproj", "{C9804658-A02C-4135-8AD0-A832675C312F}"
EndProject
Project("{9A19103F-16F7-4668-BE54-9A1E7A4F7556}") = "Ipc.Grpc.NamedPipes.Benchmarks", "Benchmarks\Ipc.Grpc.NamedPipes.Benchmarks\Ipc.Grpc.NamedPipes.Benchmarks.csproj", "{66E3462E-FE7D-4A1B-9E37-68E1DEDA861C}"
EndProject
Project("{2150E333-8FDC-42A3-9474-1A3956D46DE8}") = "IntergrationTests", "IntergrationTests", "{42D3F0B1-1009-41B1-9CB6-D44B5551A43E}"
EndProject
Project("{9A19103F-16F7-4668-BE54-9A1E7A4F7556}") = "Ipc.Grpc.NamedPipes.Tests.ProtoContract", "Tests\IntegrationTests\Ipc.Grpc.NamedPipes.Tests.ProtoContract\Ipc.Grpc.NamedPipes.Tests.ProtoContract.csproj", "{61AF6D3F-D08D-4966-AD28-9FF468322D4E}"
EndProject
Project("{9A19103F-16F7-4668-BE54-9A1E7A4F7556}") = "Ipc.Grpc.NamedPipes.VsUnixDomainSocket.Tests", "Tests\IntegrationTests\Ipc.Grpc.NamedPipes.VsUnixDomainSocket.Tests\Ipc.Grpc.NamedPipes.VsUnixDomainSocket.Tests.csproj", "{B13FAEEF-638B-471B-9185-C93A33D860D0}"
EndProject
Project("{9A19103F-16F7-4668-BE54-9A1E7A4F7556}") = "Ipc.Grpc.NamedPipes.Tests.Client", "Tests\IntegrationTests\Ipc.Grpc.NamedPipes.Tests.Client\Ipc.Grpc.NamedPipes.Tests.Client.csproj", "{3EA16D8B-FF51-4CE5-B4E0-FE7740ABC1EC}"
EndProject
Project("{9A19103F-16F7-4668-BE54-9A1E7A4F7556}") = "Ipc.Grpc.NamedPipes.Tests.Server", "Tests\IntegrationTests\Ipc.Grpc.NamedPipes.Tests.Server\Ipc.Grpc.NamedPipes.Tests.Server.csproj", "{7E030205-8C93-4B82-8612-61BEF47D020B}"
EndProject
Project("{9A19103F-16F7-4668-BE54-9A1E7A4F7556}") = "Ipc.Grpc.NamedPipes.VsHttp.Tests", "Tests\IntegrationTests\Ipc.Grpc.NamedPipes.VsHttp.Tests\Ipc.Grpc.NamedPipes.VsHttp.Tests.csproj", "{A39129BD-8662-4E97-BAA8-6BBE32C610C2}"
EndProject
Project("{9A19103F-16F7-4668-BE54-9A1E7A4F7556}") = "Ipc.Grpc.NamedPipes.Tests", "Tests\Ipc.Grpc.NamedPipes.Tests\Ipc.Grpc.NamedPipes.Tests.csproj", "{CDEC1245-CAA3-4923-81FA-9E33095916A9}"
EndProject
Project("{9A19103F-16F7-4668-BE54-9A1E7A4F7556}") = "Ipc.Grpc.NamedPipes.VsBenchmarks", "Benchmarks\Ipc.Grpc.NamedPipes.VsBenchmarks\Ipc.Grpc.NamedPipes.VsBenchmarks.csproj", "{4EA3736A-AD45-42AE-8C19-41F4089EDFEB}"
EndProject
Project("{2150E333-8FDC-42A3-9474-1A3956D46DE8}") = "Remote", "Remote", "{1F0539A9-48EA-422F-A863-33BCD54227ED}"
EndProject
Project("{9A19103F-16F7-4668-BE54-9A1E7A4F7556}") = "Ipc.Grpc.NamedPipes.Remote.Tests", "Tests\IntegrationTests\Remote\Ipc.Grpc.NamedPipes.Remote.Tests.csproj", "{A9B16D0D-CCE0-4867-8811-8EF479ACE4BA}"
EndProject
Project("{2150E333-8FDC-42A3-9474-1A3956D46DE8}") = "InSameProcess", "InSameProcess", "{38EC7FFD-37E7-44CF-A817-7FEAF92AB5A9}"
EndProject
Project("{2150E333-8FDC-42A3-9474-1A3956D46DE8}") = "Sut", "Sut", "{9C76C046-05D5-4881-ABDC-FBA1BFF4C33B}"
EndProject
Project("{2150E333-8FDC-42A3-9474-1A3956D46DE8}") = "InSameProcess", "InSameProcess", "{E30BF267-D5EA-4060-8576-B8A939150AE2}"
EndProject
Project("{2150E333-8FDC-42A3-9474-1A3956D46DE8}") = "Remote", "Remote", "{584651B1-D216-4606-81B5-D1C1B565B9BB}"
EndProject
Project("{9A19103F-16F7-4668-BE54-9A1E7A4F7556}") = "Ipc.Grpc.NamedPipes.Tests.ProtoContract", "Tests\IntegrationTests\CodeFirst\Sut\Ipc.Grpc.NamedPipes.Tests.ProtoContract\Ipc.Grpc.NamedPipes.Tests.ProtoContract.csproj", "{A2651FA2-D014-4FAF-9064-D89C706F1665}"
EndProject
Project("{9A19103F-16F7-4668-BE54-9A1E7A4F7556}") = "Ipc.Grpc.NamedPipes.Tests.Client", "Tests\IntegrationTests\CodeFirst\Sut\Ipc.Grpc.NamedPipes.Tests.Client\Ipc.Grpc.NamedPipes.Tests.Client.csproj", "{CA998E84-70E1-4722-A8DB-A130E6480A28}"
EndProject
Project("{9A19103F-16F7-4668-BE54-9A1E7A4F7556}") = "Ipc.Grpc.NamedPipes.Tests.Server", "Tests\IntegrationTests\CodeFirst\Sut\Ipc.Grpc.NamedPipes.Tests.Server\Ipc.Grpc.NamedPipes.Tests.Server.csproj", "{36912816-9E29-46BB-9D71-2F7BE43867C8}"
EndProject
Project("{9A19103F-16F7-4668-BE54-9A1E7A4F7556}") = "Ipc.Grpc.NamedPipes.VsHttp.Tests", "Tests\IntegrationTests\CodeFirst\InSameProcess\Ipc.Grpc.NamedPipes.VsHttp.Tests\Ipc.Grpc.NamedPipes.VsHttp.Tests.csproj", "{4FF17095-381F-4CBA-A2ED-2D9080ED1BF1}"
EndProject
Global
	GlobalSection(SolutionConfigurationPlatforms) = preSolution
		Debug|Any CPU = Debug|Any CPU
		Release|Any CPU = Release|Any CPU
	EndGlobalSection
	GlobalSection(ProjectConfigurationPlatforms) = postSolution
		{C9804658-A02C-4135-8AD0-A832675C312F}.Debug|Any CPU.ActiveCfg = Debug|Any CPU
		{C9804658-A02C-4135-8AD0-A832675C312F}.Debug|Any CPU.Build.0 = Debug|Any CPU
		{C9804658-A02C-4135-8AD0-A832675C312F}.Release|Any CPU.ActiveCfg = Release|Any CPU
		{C9804658-A02C-4135-8AD0-A832675C312F}.Release|Any CPU.Build.0 = Release|Any CPU
		{66E3462E-FE7D-4A1B-9E37-68E1DEDA861C}.Debug|Any CPU.ActiveCfg = Debug|Any CPU
		{66E3462E-FE7D-4A1B-9E37-68E1DEDA861C}.Debug|Any CPU.Build.0 = Debug|Any CPU
		{66E3462E-FE7D-4A1B-9E37-68E1DEDA861C}.Release|Any CPU.ActiveCfg = Release|Any CPU
		{66E3462E-FE7D-4A1B-9E37-68E1DEDA861C}.Release|Any CPU.Build.0 = Release|Any CPU
		{61AF6D3F-D08D-4966-AD28-9FF468322D4E}.Debug|Any CPU.ActiveCfg = Debug|Any CPU
		{61AF6D3F-D08D-4966-AD28-9FF468322D4E}.Debug|Any CPU.Build.0 = Debug|Any CPU
		{61AF6D3F-D08D-4966-AD28-9FF468322D4E}.Release|Any CPU.ActiveCfg = Release|Any CPU
		{61AF6D3F-D08D-4966-AD28-9FF468322D4E}.Release|Any CPU.Build.0 = Release|Any CPU
		{B13FAEEF-638B-471B-9185-C93A33D860D0}.Debug|Any CPU.ActiveCfg = Debug|Any CPU
		{B13FAEEF-638B-471B-9185-C93A33D860D0}.Debug|Any CPU.Build.0 = Debug|Any CPU
		{B13FAEEF-638B-471B-9185-C93A33D860D0}.Release|Any CPU.ActiveCfg = Release|Any CPU
		{B13FAEEF-638B-471B-9185-C93A33D860D0}.Release|Any CPU.Build.0 = Release|Any CPU
		{3EA16D8B-FF51-4CE5-B4E0-FE7740ABC1EC}.Debug|Any CPU.ActiveCfg = Debug|Any CPU
		{3EA16D8B-FF51-4CE5-B4E0-FE7740ABC1EC}.Debug|Any CPU.Build.0 = Debug|Any CPU
		{3EA16D8B-FF51-4CE5-B4E0-FE7740ABC1EC}.Release|Any CPU.ActiveCfg = Release|Any CPU
		{3EA16D8B-FF51-4CE5-B4E0-FE7740ABC1EC}.Release|Any CPU.Build.0 = Release|Any CPU
		{7E030205-8C93-4B82-8612-61BEF47D020B}.Debug|Any CPU.ActiveCfg = Debug|Any CPU
		{7E030205-8C93-4B82-8612-61BEF47D020B}.Debug|Any CPU.Build.0 = Debug|Any CPU
		{7E030205-8C93-4B82-8612-61BEF47D020B}.Release|Any CPU.ActiveCfg = Release|Any CPU
		{7E030205-8C93-4B82-8612-61BEF47D020B}.Release|Any CPU.Build.0 = Release|Any CPU
		{A39129BD-8662-4E97-BAA8-6BBE32C610C2}.Debug|Any CPU.ActiveCfg = Debug|Any CPU
		{A39129BD-8662-4E97-BAA8-6BBE32C610C2}.Debug|Any CPU.Build.0 = Debug|Any CPU
		{A39129BD-8662-4E97-BAA8-6BBE32C610C2}.Release|Any CPU.ActiveCfg = Release|Any CPU
		{A39129BD-8662-4E97-BAA8-6BBE32C610C2}.Release|Any CPU.Build.0 = Release|Any CPU
		{CDEC1245-CAA3-4923-81FA-9E33095916A9}.Debug|Any CPU.ActiveCfg = Debug|Any CPU
		{CDEC1245-CAA3-4923-81FA-9E33095916A9}.Debug|Any CPU.Build.0 = Debug|Any CPU
		{CDEC1245-CAA3-4923-81FA-9E33095916A9}.Release|Any CPU.ActiveCfg = Release|Any CPU
		{CDEC1245-CAA3-4923-81FA-9E33095916A9}.Release|Any CPU.Build.0 = Release|Any CPU
		{4EA3736A-AD45-42AE-8C19-41F4089EDFEB}.Debug|Any CPU.ActiveCfg = Debug|Any CPU
		{4EA3736A-AD45-42AE-8C19-41F4089EDFEB}.Debug|Any CPU.Build.0 = Debug|Any CPU
		{4EA3736A-AD45-42AE-8C19-41F4089EDFEB}.Release|Any CPU.ActiveCfg = Release|Any CPU
		{4EA3736A-AD45-42AE-8C19-41F4089EDFEB}.Release|Any CPU.Build.0 = Release|Any CPU
		{A9B16D0D-CCE0-4867-8811-8EF479ACE4BA}.Debug|Any CPU.ActiveCfg = Debug|Any CPU
		{A9B16D0D-CCE0-4867-8811-8EF479ACE4BA}.Debug|Any CPU.Build.0 = Debug|Any CPU
		{A9B16D0D-CCE0-4867-8811-8EF479ACE4BA}.Release|Any CPU.ActiveCfg = Release|Any CPU
		{A9B16D0D-CCE0-4867-8811-8EF479ACE4BA}.Release|Any CPU.Build.0 = Release|Any CPU
		{A2651FA2-D014-4FAF-9064-D89C706F1665}.Debug|Any CPU.ActiveCfg = Debug|Any CPU
		{A2651FA2-D014-4FAF-9064-D89C706F1665}.Debug|Any CPU.Build.0 = Debug|Any CPU
		{A2651FA2-D014-4FAF-9064-D89C706F1665}.Release|Any CPU.ActiveCfg = Release|Any CPU
		{A2651FA2-D014-4FAF-9064-D89C706F1665}.Release|Any CPU.Build.0 = Release|Any CPU
		{CA998E84-70E1-4722-A8DB-A130E6480A28}.Debug|Any CPU.ActiveCfg = Debug|Any CPU
		{CA998E84-70E1-4722-A8DB-A130E6480A28}.Debug|Any CPU.Build.0 = Debug|Any CPU
		{CA998E84-70E1-4722-A8DB-A130E6480A28}.Release|Any CPU.ActiveCfg = Release|Any CPU
		{CA998E84-70E1-4722-A8DB-A130E6480A28}.Release|Any CPU.Build.0 = Release|Any CPU
		{36912816-9E29-46BB-9D71-2F7BE43867C8}.Debug|Any CPU.ActiveCfg = Debug|Any CPU
		{36912816-9E29-46BB-9D71-2F7BE43867C8}.Debug|Any CPU.Build.0 = Debug|Any CPU
		{36912816-9E29-46BB-9D71-2F7BE43867C8}.Release|Any CPU.ActiveCfg = Release|Any CPU
		{36912816-9E29-46BB-9D71-2F7BE43867C8}.Release|Any CPU.Build.0 = Release|Any CPU
		{4FF17095-381F-4CBA-A2ED-2D9080ED1BF1}.Debug|Any CPU.ActiveCfg = Debug|Any CPU
		{4FF17095-381F-4CBA-A2ED-2D9080ED1BF1}.Debug|Any CPU.Build.0 = Debug|Any CPU
		{4FF17095-381F-4CBA-A2ED-2D9080ED1BF1}.Release|Any CPU.ActiveCfg = Release|Any CPU
		{4FF17095-381F-4CBA-A2ED-2D9080ED1BF1}.Release|Any CPU.Build.0 = Release|Any CPU
	EndGlobalSection
	GlobalSection(SolutionProperties) = preSolution
		HideSolutionNode = FALSE
	EndGlobalSection
	GlobalSection(NestedProjects) = preSolution
		{0AC631BC-2C45-45BD-950C-2A0C89ED0541} = {42D3F0B1-1009-41B1-9CB6-D44B5551A43E}
		{FD52CF98-B433-435A-8031-483CD0BAE199} = {42D3F0B1-1009-41B1-9CB6-D44B5551A43E}
		{02591100-4D84-4950-A0DE-41782F1A437D} = {0AC631BC-2C45-45BD-950C-2A0C89ED0541}
		{66E3462E-FE7D-4A1B-9E37-68E1DEDA861C} = {62F96A29-D725-42BD-AC1E-25BD18A577AF}
		{42D3F0B1-1009-41B1-9CB6-D44B5551A43E} = {4260E770-9899-4EFD-9BDE-DF4018A65EF2}
		{61AF6D3F-D08D-4966-AD28-9FF468322D4E} = {02591100-4D84-4950-A0DE-41782F1A437D}
		{B13FAEEF-638B-471B-9185-C93A33D860D0} = {38EC7FFD-37E7-44CF-A817-7FEAF92AB5A9}
		{3EA16D8B-FF51-4CE5-B4E0-FE7740ABC1EC} = {02591100-4D84-4950-A0DE-41782F1A437D}
		{7E030205-8C93-4B82-8612-61BEF47D020B} = {02591100-4D84-4950-A0DE-41782F1A437D}
		{A39129BD-8662-4E97-BAA8-6BBE32C610C2} = {38EC7FFD-37E7-44CF-A817-7FEAF92AB5A9}
		{CDEC1245-CAA3-4923-81FA-9E33095916A9} = {4260E770-9899-4EFD-9BDE-DF4018A65EF2}
		{4EA3736A-AD45-42AE-8C19-41F4089EDFEB} = {62F96A29-D725-42BD-AC1E-25BD18A577AF}
		{1F0539A9-48EA-422F-A863-33BCD54227ED} = {0AC631BC-2C45-45BD-950C-2A0C89ED0541}
		{A9B16D0D-CCE0-4867-8811-8EF479ACE4BA} = {1F0539A9-48EA-422F-A863-33BCD54227ED}
		{38EC7FFD-37E7-44CF-A817-7FEAF92AB5A9} = {0AC631BC-2C45-45BD-950C-2A0C89ED0541}
		{9C76C046-05D5-4881-ABDC-FBA1BFF4C33B} = {FD52CF98-B433-435A-8031-483CD0BAE199}
		{E30BF267-D5EA-4060-8576-B8A939150AE2} = {FD52CF98-B433-435A-8031-483CD0BAE199}
		{584651B1-D216-4606-81B5-D1C1B565B9BB} = {FD52CF98-B433-435A-8031-483CD0BAE199}
		{A2651FA2-D014-4FAF-9064-D89C706F1665} = {9C76C046-05D5-4881-ABDC-FBA1BFF4C33B}
		{CA998E84-70E1-4722-A8DB-A130E6480A28} = {9C76C046-05D5-4881-ABDC-FBA1BFF4C33B}
		{36912816-9E29-46BB-9D71-2F7BE43867C8} = {9C76C046-05D5-4881-ABDC-FBA1BFF4C33B}
		{4FF17095-381F-4CBA-A2ED-2D9080ED1BF1} = {E30BF267-D5EA-4060-8576-B8A939150AE2}
	EndGlobalSection
	GlobalSection(ExtensibilityGlobals) = postSolution
		SolutionGuid = {3A45AE3B-232C-470F-92B0-52AA4E901903}
	EndGlobalSection
EndGlobal
